// !$*UTF8*$!
{
	archiveVersion = 1;
	classes = {
	};
	objectVersion = 55;
	objects = {

/* Begin PBXBuildFile section */
		9CF2AF40275AD61000458646 /* AppDelegate.swift in Sources */ = {isa = PBXBuildFile; fileRef = 9CF2AF3F275AD61000458646 /* AppDelegate.swift */; };
		9CF2AF42275AD61000458646 /* SceneDelegate.swift in Sources */ = {isa = PBXBuildFile; fileRef = 9CF2AF41275AD61000458646 /* SceneDelegate.swift */; };
		9CF2AF44275AD61000458646 /* ClubsViewController.swift in Sources */ = {isa = PBXBuildFile; fileRef = 9CF2AF43275AD61000458646 /* ClubsViewController.swift */; };
		9CF2AF47275AD61000458646 /* Main.storyboard in Resources */ = {isa = PBXBuildFile; fileRef = 9CF2AF45275AD61000458646 /* Main.storyboard */; };
		9CF2AF49275AD61200458646 /* Assets.xcassets in Resources */ = {isa = PBXBuildFile; fileRef = 9CF2AF48275AD61200458646 /* Assets.xcassets */; };
		9CF2AF4C275AD61200458646 /* LaunchScreen.storyboard in Resources */ = {isa = PBXBuildFile; fileRef = 9CF2AF4A275AD61200458646 /* LaunchScreen.storyboard */; };
		9CF2AF56275C57D300458646 /* EditClubDistanceViewController.swift in Sources */ = {isa = PBXBuildFile; fileRef = 9CF2AF55275C57D200458646 /* EditClubDistanceViewController.swift */; };
		9CF2AF58275DE53500458646 /* NewStrokeViewController.swift in Sources */ = {isa = PBXBuildFile; fileRef = 9CF2AF57275DE53500458646 /* NewStrokeViewController.swift */; };
		9CF2AF5A275DE5F900458646 /* SomeFunctions.swift in Sources */ = {isa = PBXBuildFile; fileRef = 9CF2AF59275DE5F900458646 /* SomeFunctions.swift */; };
		9CF2AF5D275EAC8700458646 /* ClubsFile.swift in Sources */ = {isa = PBXBuildFile; fileRef = 9CF2AF5C275EAC8700458646 /* ClubsFile.swift */; };
		9CF2AF5F275EF1A100458646 /* NewStrokeInfoStruct.swift in Sources */ = {isa = PBXBuildFile; fileRef = 9CF2AF5E275EF1A100458646 /* NewStrokeInfoStruct.swift */; };
		9CF2AF61275F249300458646 /* ClubCell.swift in Sources */ = {isa = PBXBuildFile; fileRef = 9CF2AF60275F249300458646 /* ClubCell.swift */; };
		9CF2AF63275F2B3500458646 /* AdviceViewController.swift in Sources */ = {isa = PBXBuildFile; fileRef = 9CF2AF62275F2B3500458646 /* AdviceViewController.swift */; };
/* End PBXBuildFile section */

/* Begin PBXFileReference section */
		9CF2AF3C275AD61000458646 /* CaddyApp.app */ = {isa = PBXFileReference; explicitFileType = wrapper.application; includeInIndex = 0; path = CaddyApp.app; sourceTree = BUILT_PRODUCTS_DIR; };
		9CF2AF3F275AD61000458646 /* AppDelegate.swift */ = {isa = PBXFileReference; lastKnownFileType = sourcecode.swift; path = AppDelegate.swift; sourceTree = "<group>"; };
		9CF2AF41275AD61000458646 /* SceneDelegate.swift */ = {isa = PBXFileReference; lastKnownFileType = sourcecode.swift; path = SceneDelegate.swift; sourceTree = "<group>"; };
		9CF2AF43275AD61000458646 /* ClubsViewController.swift */ = {isa = PBXFileReference; lastKnownFileType = sourcecode.swift; path = ClubsViewController.swift; sourceTree = "<group>"; };
		9CF2AF46275AD61000458646 /* Base */ = {isa = PBXFileReference; lastKnownFileType = file.storyboard; name = Base; path = Base.lproj/Main.storyboard; sourceTree = "<group>"; };
		9CF2AF48275AD61200458646 /* Assets.xcassets */ = {isa = PBXFileReference; lastKnownFileType = folder.assetcatalog; path = Assets.xcassets; sourceTree = "<group>"; };
		9CF2AF4B275AD61200458646 /* Base */ = {isa = PBXFileReference; lastKnownFileType = file.storyboard; name = Base; path = Base.lproj/LaunchScreen.storyboard; sourceTree = "<group>"; };
		9CF2AF4D275AD61200458646 /* Info.plist */ = {isa = PBXFileReference; lastKnownFileType = text.plist.xml; path = Info.plist; sourceTree = "<group>"; };
		9CF2AF55275C57D200458646 /* EditClubDistanceViewController.swift */ = {isa = PBXFileReference; lastKnownFileType = sourcecode.swift; path = EditClubDistanceViewController.swift; sourceTree = "<group>"; };
		9CF2AF57275DE53500458646 /* NewStrokeViewController.swift */ = {isa = PBXFileReference; lastKnownFileType = sourcecode.swift; path = NewStrokeViewController.swift; sourceTree = "<group>"; };
		9CF2AF59275DE5F900458646 /* SomeFunctions.swift */ = {isa = PBXFileReference; lastKnownFileType = sourcecode.swift; path = SomeFunctions.swift; sourceTree = "<group>"; };
		9CF2AF5C275EAC8700458646 /* ClubsFile.swift */ = {isa = PBXFileReference; lastKnownFileType = sourcecode.swift; path = ClubsFile.swift; sourceTree = "<group>"; };
		9CF2AF5E275EF1A100458646 /* NewStrokeInfoStruct.swift */ = {isa = PBXFileReference; lastKnownFileType = sourcecode.swift; path = NewStrokeInfoStruct.swift; sourceTree = "<group>"; };
		9CF2AF60275F249300458646 /* ClubCell.swift */ = {isa = PBXFileReference; lastKnownFileType = sourcecode.swift; path = ClubCell.swift; sourceTree = "<group>"; };
		9CF2AF62275F2B3500458646 /* AdviceViewController.swift */ = {isa = PBXFileReference; lastKnownFileType = sourcecode.swift; path = AdviceViewController.swift; sourceTree = "<group>"; };
/* End PBXFileReference section */

/* Begin PBXFrameworksBuildPhase section */
		9CF2AF39275AD61000458646 /* Frameworks */ = {
			isa = PBXFrameworksBuildPhase;
			buildActionMask = 2147483647;
			files = (
			);
			runOnlyForDeploymentPostprocessing = 0;
		};
/* End PBXFrameworksBuildPhase section */

/* Begin PBXGroup section */
		9CF2AF33275AD61000458646 = {
			isa = PBXGroup;
			children = (
				9CF2AF3E275AD61000458646 /* CaddyApp */,
				9CF2AF3D275AD61000458646 /* Products */,
			);
			sourceTree = "<group>";
		};
		9CF2AF3D275AD61000458646 /* Products */ = {
			isa = PBXGroup;
			children = (
				9CF2AF3C275AD61000458646 /* CaddyApp.app */,
			);
			name = Products;
			sourceTree = "<group>";
		};
		9CF2AF3E275AD61000458646 /* CaddyApp */ = {
			isa = PBXGroup;
			children = (
				9CF2AF43275AD61000458646 /* ClubsViewController.swift */,
				9CF2AF55275C57D200458646 /* EditClubDistanceViewController.swift */,
				9CF2AF57275DE53500458646 /* NewStrokeViewController.swift */,
				9CF2AF59275DE5F900458646 /* SomeFunctions.swift */,
				9CF2AF5C275EAC8700458646 /* ClubsFile.swift */,
				9CF2AF5E275EF1A100458646 /* NewStrokeInfoStruct.swift */,
				9CF2AF62275F2B3500458646 /* AdviceViewController.swift */,
				9CF2AF60275F249300458646 /* ClubCell.swift */,
				9CF2AF45275AD61000458646 /* Main.storyboard */,
				9CF2AF48275AD61200458646 /* Assets.xcassets */,
				9CF2AF4A275AD61200458646 /* LaunchScreen.storyboard */,
				9CF2AF4D275AD61200458646 /* Info.plist */,
				9CF2AF5B275DE94900458646 /* Delegates */,
			);
			path = CaddyApp;
			sourceTree = "<group>";
		};
		9CF2AF5B275DE94900458646 /* Delegates */ = {
			isa = PBXGroup;
			children = (
				9CF2AF41275AD61000458646 /* SceneDelegate.swift */,
				9CF2AF3F275AD61000458646 /* AppDelegate.swift */,
			);
			path = Delegates;
			sourceTree = "<group>";
		};
/* End PBXGroup section */

/* Begin PBXNativeTarget section */
		9CF2AF3B275AD61000458646 /* CaddyApp */ = {
			isa = PBXNativeTarget;
			buildConfigurationList = 9CF2AF50275AD61200458646 /* Build configuration list for PBXNativeTarget "CaddyApp" */;
			buildPhases = (
				9CF2AF38275AD61000458646 /* Sources */,
				9CF2AF39275AD61000458646 /* Frameworks */,
				9CF2AF3A275AD61000458646 /* Resources */,
			);
			buildRules = (
			);
			dependencies = (
			);
			name = CaddyApp;
			productName = CaddyApp;
			productReference = 9CF2AF3C275AD61000458646 /* CaddyApp.app */;
			productType = "com.apple.product-type.application";
		};
/* End PBXNativeTarget section */

/* Begin PBXProject section */
		9CF2AF34275AD61000458646 /* Project object */ = {
			isa = PBXProject;
			attributes = {
				BuildIndependentTargetsInParallel = 1;
				LastSwiftUpdateCheck = 1310;
				LastUpgradeCheck = 1310;
				TargetAttributes = {
					9CF2AF3B275AD61000458646 = {
						CreatedOnToolsVersion = 13.1;
					};
				};
			};
			buildConfigurationList = 9CF2AF37275AD61000458646 /* Build configuration list for PBXProject "CaddyApp" */;
			compatibilityVersion = "Xcode 13.0";
			developmentRegion = en;
			hasScannedForEncodings = 0;
			knownRegions = (
				en,
				Base,
			);
			mainGroup = 9CF2AF33275AD61000458646;
			productRefGroup = 9CF2AF3D275AD61000458646 /* Products */;
			projectDirPath = "";
			projectRoot = "";
			targets = (
				9CF2AF3B275AD61000458646 /* CaddyApp */,
			);
		};
/* End PBXProject section */

/* Begin PBXResourcesBuildPhase section */
		9CF2AF3A275AD61000458646 /* Resources */ = {
			isa = PBXResourcesBuildPhase;
			buildActionMask = 2147483647;
			files = (
				9CF2AF4C275AD61200458646 /* LaunchScreen.storyboard in Resources */,
				9CF2AF49275AD61200458646 /* Assets.xcassets in Resources */,
				9CF2AF47275AD61000458646 /* Main.storyboard in Resources */,
			);
			runOnlyForDeploymentPostprocessing = 0;
		};
/* End PBXResourcesBuildPhase section */

/* Begin PBXSourcesBuildPhase section */
		9CF2AF38275AD61000458646 /* Sources */ = {
			isa = PBXSourcesBuildPhase;
			buildActionMask = 2147483647;
			files = (
				9CF2AF5D275EAC8700458646 /* ClubsFile.swift in Sources */,
				9CF2AF44275AD61000458646 /* ClubsViewController.swift in Sources */,
				9CF2AF40275AD61000458646 /* AppDelegate.swift in Sources */,
				9CF2AF5A275DE5F900458646 /* SomeFunctions.swift in Sources */,
				9CF2AF42275AD61000458646 /* SceneDelegate.swift in Sources */,
				9CF2AF58275DE53500458646 /* NewStrokeViewController.swift in Sources */,
				9CF2AF56275C57D300458646 /* EditClubDistanceViewController.swift in Sources */,
				9CF2AF61275F249300458646 /* ClubCell.swift in Sources */,
				9CF2AF63275F2B3500458646 /* AdviceViewController.swift in Sources */,
				9CF2AF5F275EF1A100458646 /* NewStrokeInfoStruct.swift in Sources */,
			);
			runOnlyForDeploymentPostprocessing = 0;
		};
/* End PBXSourcesBuildPhase section */

/* Begin PBXVariantGroup section */
		9CF2AF45275AD61000458646 /* Main.storyboard */ = {
			isa = PBXVariantGroup;
			children = (
				9CF2AF46275AD61000458646 /* Base */,
			);
			name = Main.storyboard;
			sourceTree = "<group>";
		};
		9CF2AF4A275AD61200458646 /* LaunchScreen.storyboard */ = {
			isa = PBXVariantGroup;
			children = (
				9CF2AF4B275AD61200458646 /* Base */,
			);
			name = LaunchScreen.storyboard;
			sourceTree = "<group>";
		};
/* End PBXVariantGroup section */

/* Begin XCBuildConfiguration section */
		9CF2AF4E275AD61200458646 /* Debug */ = {
			isa = XCBuildConfiguration;
			buildSettings = {
				ALWAYS_SEARCH_USER_PATHS = NO;
				CLANG_ANALYZER_NONNULL = YES;
				CLANG_ANALYZER_NUMBER_OBJECT_CONVERSION = YES_AGGRESSIVE;
				CLANG_CXX_LANGUAGE_STANDARD = "gnu++17";
				CLANG_CXX_LIBRARY = "libc++";
				CLANG_ENABLE_MODULES = YES;
				CLANG_ENABLE_OBJC_ARC = YES;
				CLANG_ENABLE_OBJC_WEAK = YES;
				CLANG_WARN_BLOCK_CAPTURE_AUTORELEASING = YES;
				CLANG_WARN_BOOL_CONVERSION = YES;
				CLANG_WARN_COMMA = YES;
				CLANG_WARN_CONSTANT_CONVERSION = YES;
				CLANG_WARN_DEPRECATED_OBJC_IMPLEMENTATIONS = YES;
				CLANG_WARN_DIRECT_OBJC_ISA_USAGE = YES_ERROR;
				CLANG_WARN_DOCUMENTATION_COMMENTS = YES;
				CLANG_WARN_EMPTY_BODY = YES;
				CLANG_WARN_ENUM_CONVERSION = YES;
				CLANG_WARN_INFINITE_RECURSION = YES;
				CLANG_WARN_INT_CONVERSION = YES;
				CLANG_WARN_NON_LITERAL_NULL_CONVERSION = YES;
				CLANG_WARN_OBJC_IMPLICIT_RETAIN_SELF = YES;
				CLANG_WARN_OBJC_LITERAL_CONVERSION = YES;
				CLANG_WARN_OBJC_ROOT_CLASS = YES_ERROR;
				CLANG_WARN_QUOTED_INCLUDE_IN_FRAMEWORK_HEADER = YES;
				CLANG_WARN_RANGE_LOOP_ANALYSIS = YES;
				CLANG_WARN_STRICT_PROTOTYPES = YES;
				CLANG_WARN_SUSPICIOUS_MOVE = YES;
				CLANG_WARN_UNGUARDED_AVAILABILITY = YES_AGGRESSIVE;
				CLANG_WARN_UNREACHABLE_CODE = YES;
				CLANG_WARN__DUPLICATE_METHOD_MATCH = YES;
				COPY_PHASE_STRIP = NO;
				DEBUG_INFORMATION_FORMAT = dwarf;
				ENABLE_STRICT_OBJC_MSGSEND = YES;
				ENABLE_TESTABILITY = YES;
				GCC_C_LANGUAGE_STANDARD = gnu11;
				GCC_DYNAMIC_NO_PIC = NO;
				GCC_NO_COMMON_BLOCKS = YES;
				GCC_OPTIMIZATION_LEVEL = 0;
				GCC_PREPROCESSOR_DEFINITIONS = (
					"DEBUG=1",
					"$(inherited)",
				);
				GCC_WARN_64_TO_32_BIT_CONVERSION = YES;
				GCC_WARN_ABOUT_RETURN_TYPE = YES_ERROR;
				GCC_WARN_UNDECLARED_SELECTOR = YES;
				GCC_WARN_UNINITIALIZED_AUTOS = YES_AGGRESSIVE;
				GCC_WARN_UNUSED_FUNCTION = YES;
				GCC_WARN_UNUSED_VARIABLE = YES;
				IPHONEOS_DEPLOYMENT_TARGET = 15.0;
				MTL_ENABLE_DEBUG_INFO = INCLUDE_SOURCE;
				MTL_FAST_MATH = YES;
				ONLY_ACTIVE_ARCH = YES;
				SDKROOT = iphoneos;
				SWIFT_ACTIVE_COMPILATION_CONDITIONS = DEBUG;
				SWIFT_OPTIMIZATION_LEVEL = "-Onone";
			};
			name = Debug;
		};
		9CF2AF4F275AD61200458646 /* Release */ = {
			isa = XCBuildConfiguration;
			buildSettings = {
				ALWAYS_SEARCH_USER_PATHS = NO;
				CLANG_ANALYZER_NONNULL = YES;
				CLANG_ANALYZER_NUMBER_OBJECT_CONVERSION = YES_AGGRESSIVE;
				CLANG_CXX_LANGUAGE_STANDARD = "gnu++17";
				CLANG_CXX_LIBRARY = "libc++";
				CLANG_ENABLE_MODULES = YES;
				CLANG_ENABLE_OBJC_ARC = YES;
				CLANG_ENABLE_OBJC_WEAK = YES;
				CLANG_WARN_BLOCK_CAPTURE_AUTORELEASING = YES;
				CLANG_WARN_BOOL_CONVERSION = YES;
				CLANG_WARN_COMMA = YES;
				CLANG_WARN_CONSTANT_CONVERSION = YES;
				CLANG_WARN_DEPRECATED_OBJC_IMPLEMENTATIONS = YES;
				CLANG_WARN_DIRECT_OBJC_ISA_USAGE = YES_ERROR;
				CLANG_WARN_DOCUMENTATION_COMMENTS = YES;
				CLANG_WARN_EMPTY_BODY = YES;
				CLANG_WARN_ENUM_CONVERSION = YES;
				CLANG_WARN_INFINITE_RECURSION = YES;
				CLANG_WARN_INT_CONVERSION = YES;
				CLANG_WARN_NON_LITERAL_NULL_CONVERSION = YES;
				CLANG_WARN_OBJC_IMPLICIT_RETAIN_SELF = YES;
				CLANG_WARN_OBJC_LITERAL_CONVERSION = YES;
				CLANG_WARN_OBJC_ROOT_CLASS = YES_ERROR;
				CLANG_WARN_QUOTED_INCLUDE_IN_FRAMEWORK_HEADER = YES;
				CLANG_WARN_RANGE_LOOP_ANALYSIS = YES;
				CLANG_WARN_STRICT_PROTOTYPES = YES;
				CLANG_WARN_SUSPICIOUS_MOVE = YES;
				CLANG_WARN_UNGUARDED_AVAILABILITY = YES_AGGRESSIVE;
				CLANG_WARN_UNREACHABLE_CODE = YES;
				CLANG_WARN__DUPLICATE_METHOD_MATCH = YES;
				COPY_PHASE_STRIP = NO;
				DEBUG_INFORMATION_FORMAT = "dwarf-with-dsym";
				ENABLE_NS_ASSERTIONS = NO;
				ENABLE_STRICT_OBJC_MSGSEND = YES;
				GCC_C_LANGUAGE_STANDARD = gnu11;
				GCC_NO_COMMON_BLOCKS = YES;
				GCC_WARN_64_TO_32_BIT_CONVERSION = YES;
				GCC_WARN_ABOUT_RETURN_TYPE = YES_ERROR;
				GCC_WARN_UNDECLARED_SELECTOR = YES;
				GCC_WARN_UNINITIALIZED_AUTOS = YES_AGGRESSIVE;
				GCC_WARN_UNUSED_FUNCTION = YES;
				GCC_WARN_UNUSED_VARIABLE = YES;
				IPHONEOS_DEPLOYMENT_TARGET = 15.0;
				MTL_ENABLE_DEBUG_INFO = NO;
				MTL_FAST_MATH = YES;
				SDKROOT = iphoneos;
				SWIFT_COMPILATION_MODE = wholemodule;
				SWIFT_OPTIMIZATION_LEVEL = "-O";
				VALIDATE_PRODUCT = YES;
			};
			name = Release;
		};
		9CF2AF51275AD61200458646 /* Debug */ = {
			isa = XCBuildConfiguration;
			buildSettings = {
				ASSETCATALOG_COMPILER_APPICON_NAME = AppIcon;
				ASSETCATALOG_COMPILER_GLOBAL_ACCENT_COLOR_NAME = AccentColor;
				CODE_SIGN_STYLE = Automatic;
				CURRENT_PROJECT_VERSION = 1;
				DEVELOPMENT_TEAM = KR268MWQL4;
				GENERATE_INFOPLIST_FILE = YES;
				INFOPLIST_FILE = CaddyApp/Info.plist;
				INFOPLIST_KEY_UIApplicationSupportsIndirectInputEvents = YES;
				INFOPLIST_KEY_UILaunchStoryboardName = LaunchScreen;
				INFOPLIST_KEY_UIMainStoryboardFile = Main;
				INFOPLIST_KEY_UISupportedInterfaceOrientations_iPad = "UIInterfaceOrientationPortrait UIInterfaceOrientationPortraitUpsideDown UIInterfaceOrientationLandscapeLeft UIInterfaceOrientationLandscapeRight";
				INFOPLIST_KEY_UISupportedInterfaceOrientations_iPhone = "UIInterfaceOrientationPortrait UIInterfaceOrientationLandscapeLeft UIInterfaceOrientationLandscapeRight";
				LD_RUNPATH_SEARCH_PATHS = (
					"$(inherited)",
					"@executable_path/Frameworks",
				);
				MARKETING_VERSION = 1.0;
				PRODUCT_BUNDLE_IDENTIFIER = com.VIN.CaddyApp;
				PRODUCT_NAME = "$(TARGET_NAME)";
				SWIFT_EMIT_LOC_STRINGS = YES;
				SWIFT_VERSION = 5.0;
				TARGETED_DEVICE_FAMILY = "1,2";
			};
			name = Debug;
		};
		9CF2AF52275AD61200458646 /* Release */ = {
			isa = XCBuildConfiguration;
			buildSettings = {
				ASSETCATALOG_COMPILER_APPICON_NAME = AppIcon;
				ASSETCATALOG_COMPILER_GLOBAL_ACCENT_COLOR_NAME = AccentColor;
				CODE_SIGN_STYLE = Automatic;
				CURRENT_PROJECT_VERSION = 1;
				DEVELOPMENT_TEAM = KR268MWQL4;
				GENERATE_INFOPLIST_FILE = YES;
				INFOPLIST_FILE = CaddyApp/Info.plist;
				INFOPLIST_KEY_UIApplicationSupportsIndirectInputEvents = YES;
				INFOPLIST_KEY_UILaunchStoryboardName = LaunchScreen;
				INFOPLIST_KEY_UIMainStoryboardFile = Main;
				INFOPLIST_KEY_UISupportedInterfaceOrientations_iPad = "UIInterfaceOrientationPortrait UIInterfaceOrientationPortraitUpsideDown UIInterfaceOrientationLandscapeLeft UIInterfaceOrientationLandscapeRight";
				INFOPLIST_KEY_UISupportedInterfaceOrientations_iPhone = "UIInterfaceOrientationPortrait UIInterfaceOrientationLandscapeLeft UIInterfaceOrientationLandscapeRight";
				LD_RUNPATH_SEARCH_PATHS = (
					"$(inherited)",
					"@executable_path/Frameworks",
				);
				MARKETING_VERSION = 1.0;
				PRODUCT_BUNDLE_IDENTIFIER = com.VIN.CaddyApp;
				PRODUCT_NAME = "$(TARGET_NAME)";
				SWIFT_EMIT_LOC_STRINGS = YES;
				SWIFT_VERSION = 5.0;
				TARGETED_DEVICE_FAMILY = "1,2";
			};
			name = Release;
		};
/* End XCBuildConfiguration section */

/* Begin XCConfigurationList section */
		9CF2AF37275AD61000458646 /* Build configuration list for PBXProject "CaddyApp" */ = {
			isa = XCConfigurationList;
			buildConfigurations = (
				9CF2AF4E275AD61200458646 /* Debug */,
				9CF2AF4F275AD61200458646 /* Release */,
			);
			defaultConfigurationIsVisible = 0;
			defaultConfigurationName = Release;
		};
		9CF2AF50275AD61200458646 /* Build configuration list for PBXNativeTarget "CaddyApp" */ = {
			isa = XCConfigurationList;
			buildConfigurations = (
				9CF2AF51275AD61200458646 /* Debug */,
				9CF2AF52275AD61200458646 /* Release */,
			);
			defaultConfigurationIsVisible = 0;
			defaultConfigurationName = Release;
		};
/* End XCConfigurationList section */
	};
	rootObject = 9CF2AF34275AD61000458646 /* Project object */;
}
