// !$*UTF8*$!
{
	archiveVersion = 1;
	classes = {
	};
	objectVersion = 55;
	objects = {

/* Begin PBXBuildFile section */
		371585F2E6E6672E7340A925 /* Pods_CaddyApp.framework in Frameworks */ = {isa = PBXBuildFile; fileRef = 1FBF2D6EE46DEA117346377D /* Pods_CaddyApp.framework */; };
		9C0705412785921000496B37 /* TestTBVC.swift in Sources */ = {isa = PBXBuildFile; fileRef = 9C0705402785921000496B37 /* TestTBVC.swift */; };
		9C0705432786C16300496B37 /* NoteEntryViewController.swift in Sources */ = {isa = PBXBuildFile; fileRef = 9C0705422786C16300496B37 /* NoteEntryViewController.swift */; };
		9C0705462787567200496B37 /* NotesData.xcdatamodeld in Sources */ = {isa = PBXBuildFile; fileRef = 9C0705442787567200496B37 /* NotesData.xcdatamodeld */; };
		9C070548278756DE00496B37 /* HandlingNotesCoreData.swift in Sources */ = {isa = PBXBuildFile; fileRef = 9C070547278756DE00496B37 /* HandlingNotesCoreData.swift */; };
		9C07054A278757E000496B37 /* AllNotesViewController.swift in Sources */ = {isa = PBXBuildFile; fileRef = 9C070549278757E000496B37 /* AllNotesViewController.swift */; };
		9C07054D278759E300496B37 /* NoteTableViewCell.swift in Sources */ = {isa = PBXBuildFile; fileRef = 9C07054C278759E300496B37 /* NoteTableViewCell.swift */; };
		9C2856FF278EB8D800E225C8 /* NewAdviceViewControllerTwo.swift in Sources */ = {isa = PBXBuildFile; fileRef = 9C2856FE278EB8D800E225C8 /* NewAdviceViewControllerTwo.swift */; };
		9C285729278F5C5900E225C8 /* AdviceVCViewHierarchy in Resources */ = {isa = PBXBuildFile; fileRef = 9C285728278F5C5900E225C8 /* AdviceVCViewHierarchy */; };
		9C52A402278A2F2000E07956 /* ExtraClasses.swift in Sources */ = {isa = PBXBuildFile; fileRef = 9C52A401278A2F2000E07956 /* ExtraClasses.swift */; };
		9C52A405278A883600E07956 /* ViewController.swift in Sources */ = {isa = PBXBuildFile; fileRef = 9C52A404278A883600E07956 /* ViewController.swift */; };
		9C52A40D278CB93B00E07956 /* ViewSingleNoteViewController.swift in Sources */ = {isa = PBXBuildFile; fileRef = 9C52A40C278CB93B00E07956 /* ViewSingleNoteViewController.swift */; };
		9C52A40F278D526600E07956 /* PagingTestViewController.swift in Sources */ = {isa = PBXBuildFile; fileRef = 9C52A40E278D526600E07956 /* PagingTestViewController.swift */; };
		9C52A411278D572E00E07956 /* NewHomeViewController.swift in Sources */ = {isa = PBXBuildFile; fileRef = 9C52A410278D572E00E07956 /* NewHomeViewController.swift */; };
		9C52A413278DCAA000E07956 /* HomePageTableViewCell.swift in Sources */ = {isa = PBXBuildFile; fileRef = 9C52A412278DCAA000E07956 /* HomePageTableViewCell.swift */; };
		9C5407CE2793AC0E002C65E9 /* AdviceOptions.swift in Sources */ = {isa = PBXBuildFile; fileRef = 9C5407CD2793AC0E002C65E9 /* AdviceOptions.swift */; };
		9C5407D02795CB40002C65E9 /* VocabTableViewController.swift in Sources */ = {isa = PBXBuildFile; fileRef = 9C5407CF2795CB40002C65E9 /* VocabTableViewController.swift */; };
		9C5407D3279652F3002C65E9 /* golfhit.wav in Resources */ = {isa = PBXBuildFile; fileRef = 9C5407D2279652F3002C65E9 /* golfhit.wav */; };
		9C5407DB27965E7C002C65E9 /* scribble.mp3 in Resources */ = {isa = PBXBuildFile; fileRef = 9C5407DA27965E7C002C65E9 /* scribble.mp3 */; };
		9C62B83A27A5DE3D00B1C496 /* AskForTipViewController.swift in Sources */ = {isa = PBXBuildFile; fileRef = 9C62B83927A5DE3D00B1C496 /* AskForTipViewController.swift */; };
		9C674885278DF22200C74319 /* SettingsTableViewController.swift in Sources */ = {isa = PBXBuildFile; fileRef = 9C674884278DF22200C74319 /* SettingsTableViewController.swift */; };
		9C674887278E841F00C74319 /* NewAdviceViewController.swift in Sources */ = {isa = PBXBuildFile; fileRef = 9C674886278E841F00C74319 /* NewAdviceViewController.swift */; };
		9C6F3A9E2784028300CC9129 /* SwingTypeBox.swift in Sources */ = {isa = PBXBuildFile; fileRef = 9C6F3A9D2784028300CC9129 /* SwingTypeBox.swift */; };
		9C6F3AA02784280200CC9129 /* HomeViewController.swift in Sources */ = {isa = PBXBuildFile; fileRef = 9C6F3A9F2784280200CC9129 /* HomeViewController.swift */; };
		9C72A840276D736C005BAA31 /* Enums.swift in Sources */ = {isa = PBXBuildFile; fileRef = 9C72A83F276D736C005BAA31 /* Enums.swift */; };
		9C72A842276D7B72005BAA31 /* AdviceStructs.swift in Sources */ = {isa = PBXBuildFile; fileRef = 9C72A841276D7B72005BAA31 /* AdviceStructs.swift */; };
		9C72A844276D8813005BAA31 /* ClubObject.swift in Sources */ = {isa = PBXBuildFile; fileRef = 9C72A843276D8813005BAA31 /* ClubObject.swift */; };
		9C72A848276EF2B4005BAA31 /* PreviousHits.swift in Sources */ = {isa = PBXBuildFile; fileRef = 9C72A847276EF2B4005BAA31 /* PreviousHits.swift */; };
		9C74246F278F7ADF000E824A /* LayingOutViewsFunctions.swift in Sources */ = {isa = PBXBuildFile; fileRef = 9C74246E278F7ADF000E824A /* LayingOutViewsFunctions.swift */; };
		9C742471278F9793000E824A /* RulesTableViewController.swift in Sources */ = {isa = PBXBuildFile; fileRef = 9C742470278F9793000E824A /* RulesTableViewController.swift */; };
		9C7D80B527671A0D00F49D93 /* UserBag.swift in Sources */ = {isa = PBXBuildFile; fileRef = 9C7D80B427671A0D00F49D93 /* UserBag.swift */; };
		9C7D80B72767CA4000F49D93 /* SaveBag.swift in Sources */ = {isa = PBXBuildFile; fileRef = 9C7D80B62767CA4000F49D93 /* SaveBag.swift */; };
		9C7D80B927687DCC00F49D93 /* AddNewClubViewController.swift in Sources */ = {isa = PBXBuildFile; fileRef = 9C7D80B827687DCC00F49D93 /* AddNewClubViewController.swift */; };
		9CA706D927928EF100EB63BD /* NewAddStrokeTableViewController.swift in Sources */ = {isa = PBXBuildFile; fileRef = 9CA706D827928EF100EB63BD /* NewAddStrokeTableViewController.swift */; };
		9CB972542784E0470048AC54 /* ModalListenerSingleton.swift in Sources */ = {isa = PBXBuildFile; fileRef = 9CB972532784E0470048AC54 /* ModalListenerSingleton.swift */; };
		9CB972582785571B0048AC54 /* RoundedBox.swift in Sources */ = {isa = PBXBuildFile; fileRef = 9CB972572785571B0048AC54 /* RoundedBox.swift */; };
		9CBA2F33279F997F00470472 /* AdTestViewController.swift in Sources */ = {isa = PBXBuildFile; fileRef = 9CBA2F32279F997F00470472 /* AdTestViewController.swift */; };
		9CBA2F35279FD18800470472 /* TipJarViewController.swift in Sources */ = {isa = PBXBuildFile; fileRef = 9CBA2F34279FD18800470472 /* TipJarViewController.swift */; };
		9CBA2F3727A05F0100470472 /* GiveTipViewController.swift in Sources */ = {isa = PBXBuildFile; fileRef = 9CBA2F3627A05F0100470472 /* GiveTipViewController.swift */; };
		9CBA2F3927A1947700470472 /* TipPurchaseViewController.swift in Sources */ = {isa = PBXBuildFile; fileRef = 9CBA2F3827A1947700470472 /* TipPurchaseViewController.swift */; };
		9CBA2F5B27A461C200470472 /* StoreKit.framework in Frameworks */ = {isa = PBXBuildFile; fileRef = 9CBA2F5A27A461C200470472 /* StoreKit.framework */; };
		9CD08BCD276C9B6E002F0040 /* BuiltInAdvice.swift in Sources */ = {isa = PBXBuildFile; fileRef = 9CD08BCC276C9B6E002F0040 /* BuiltInAdvice.swift */; };
		9CDA2536277E4F2500FDAAC2 /* GlobalVariables.swift in Sources */ = {isa = PBXBuildFile; fileRef = 9CDA2535277E4F2500FDAAC2 /* GlobalVariables.swift */; };
		9CDA2539277FA40900FDAAC2 /* MainClubViewController.swift in Sources */ = {isa = PBXBuildFile; fileRef = 9CDA2538277FA40900FDAAC2 /* MainClubViewController.swift */; };
		9CDA253B277FA4C200FDAAC2 /* Extensions.swift in Sources */ = {isa = PBXBuildFile; fileRef = 9CDA253A277FA4C200FDAAC2 /* Extensions.swift */; };
		9CDA253D2780F5F000FDAAC2 /* SwingsViewController.swift in Sources */ = {isa = PBXBuildFile; fileRef = 9CDA253C2780F5F000FDAAC2 /* SwingsViewController.swift */; };
		9CDA25412782A79A00FDAAC2 /* MainClubViewControllerExtensions.swift in Sources */ = {isa = PBXBuildFile; fileRef = 9CDA25402782A79A00FDAAC2 /* MainClubViewControllerExtensions.swift */; };
		9CDA25432782B5B100FDAAC2 /* ManagePreviousSwings.swift in Sources */ = {isa = PBXBuildFile; fileRef = 9CDA25422782B5B100FDAAC2 /* ManagePreviousSwings.swift */; };
		9CF2AF40275AD61000458646 /* AppDelegate.swift in Sources */ = {isa = PBXBuildFile; fileRef = 9CF2AF3F275AD61000458646 /* AppDelegate.swift */; };
		9CF2AF42275AD61000458646 /* SceneDelegate.swift in Sources */ = {isa = PBXBuildFile; fileRef = 9CF2AF41275AD61000458646 /* SceneDelegate.swift */; };
		9CF2AF44275AD61000458646 /* ClubsViewController.swift in Sources */ = {isa = PBXBuildFile; fileRef = 9CF2AF43275AD61000458646 /* ClubsViewController.swift */; };
		9CF2AF47275AD61000458646 /* Main.storyboard in Resources */ = {isa = PBXBuildFile; fileRef = 9CF2AF45275AD61000458646 /* Main.storyboard */; };
		9CF2AF49275AD61200458646 /* Assets.xcassets in Resources */ = {isa = PBXBuildFile; fileRef = 9CF2AF48275AD61200458646 /* Assets.xcassets */; };
		9CF2AF4C275AD61200458646 /* LaunchScreen.storyboard in Resources */ = {isa = PBXBuildFile; fileRef = 9CF2AF4A275AD61200458646 /* LaunchScreen.storyboard */; };
		9CF2AF56275C57D300458646 /* EditClubDistanceViewController.swift in Sources */ = {isa = PBXBuildFile; fileRef = 9CF2AF55275C57D200458646 /* EditClubDistanceViewController.swift */; };
		9CF2AF58275DE53500458646 /* NewStrokeViewController.swift in Sources */ = {isa = PBXBuildFile; fileRef = 9CF2AF57275DE53500458646 /* NewStrokeViewController.swift */; };
		9CF2AF5A275DE5F900458646 /* SomeFunctions.swift in Sources */ = {isa = PBXBuildFile; fileRef = 9CF2AF59275DE5F900458646 /* SomeFunctions.swift */; };
		9CF2AF5D275EAC8700458646 /* ClubsFile.swift in Sources */ = {isa = PBXBuildFile; fileRef = 9CF2AF5C275EAC8700458646 /* ClubsFile.swift */; };
		9CF2AF5F275EF1A100458646 /* NewStrokeInfoStruct.swift in Sources */ = {isa = PBXBuildFile; fileRef = 9CF2AF5E275EF1A100458646 /* NewStrokeInfoStruct.swift */; };
		9CF2AF61275F249300458646 /* ClubCell.swift in Sources */ = {isa = PBXBuildFile; fileRef = 9CF2AF60275F249300458646 /* ClubCell.swift */; };
		9CF2AF63275F2B3500458646 /* AdviceViewController.swift in Sources */ = {isa = PBXBuildFile; fileRef = 9CF2AF62275F2B3500458646 /* AdviceViewController.swift */; };
/* End PBXBuildFile section */

/* Begin PBXFileReference section */
		1FBF2D6EE46DEA117346377D /* Pods_CaddyApp.framework */ = {isa = PBXFileReference; explicitFileType = wrapper.framework; includeInIndex = 0; path = Pods_CaddyApp.framework; sourceTree = BUILT_PRODUCTS_DIR; };
		9C0705402785921000496B37 /* TestTBVC.swift */ = {isa = PBXFileReference; lastKnownFileType = sourcecode.swift; path = TestTBVC.swift; sourceTree = "<group>"; };
		9C0705422786C16300496B37 /* NoteEntryViewController.swift */ = {isa = PBXFileReference; lastKnownFileType = sourcecode.swift; path = NoteEntryViewController.swift; sourceTree = "<group>"; };
		9C0705452787567200496B37 /* NotesData.xcdatamodel */ = {isa = PBXFileReference; lastKnownFileType = wrapper.xcdatamodel; path = NotesData.xcdatamodel; sourceTree = "<group>"; };
		9C070547278756DE00496B37 /* HandlingNotesCoreData.swift */ = {isa = PBXFileReference; lastKnownFileType = sourcecode.swift; path = HandlingNotesCoreData.swift; sourceTree = "<group>"; };
		9C070549278757E000496B37 /* AllNotesViewController.swift */ = {isa = PBXFileReference; lastKnownFileType = sourcecode.swift; path = AllNotesViewController.swift; sourceTree = "<group>"; };
		9C07054C278759E300496B37 /* NoteTableViewCell.swift */ = {isa = PBXFileReference; lastKnownFileType = sourcecode.swift; path = NoteTableViewCell.swift; sourceTree = "<group>"; };
		9C2856FE278EB8D800E225C8 /* NewAdviceViewControllerTwo.swift */ = {isa = PBXFileReference; lastKnownFileType = sourcecode.swift; path = NewAdviceViewControllerTwo.swift; sourceTree = "<group>"; };
		9C285728278F5C5900E225C8 /* AdviceVCViewHierarchy */ = {isa = PBXFileReference; lastKnownFileType = text; path = AdviceVCViewHierarchy; sourceTree = "<group>"; };
		9C52A401278A2F2000E07956 /* ExtraClasses.swift */ = {isa = PBXFileReference; lastKnownFileType = sourcecode.swift; path = ExtraClasses.swift; sourceTree = "<group>"; };
		9C52A404278A883600E07956 /* ViewController.swift */ = {isa = PBXFileReference; lastKnownFileType = sourcecode.swift; path = ViewController.swift; sourceTree = "<group>"; };
		9C52A40C278CB93B00E07956 /* ViewSingleNoteViewController.swift */ = {isa = PBXFileReference; lastKnownFileType = sourcecode.swift; path = ViewSingleNoteViewController.swift; sourceTree = "<group>"; };
		9C52A40E278D526600E07956 /* PagingTestViewController.swift */ = {isa = PBXFileReference; lastKnownFileType = sourcecode.swift; path = PagingTestViewController.swift; sourceTree = "<group>"; };
		9C52A410278D572E00E07956 /* NewHomeViewController.swift */ = {isa = PBXFileReference; lastKnownFileType = sourcecode.swift; path = NewHomeViewController.swift; sourceTree = "<group>"; };
		9C52A412278DCAA000E07956 /* HomePageTableViewCell.swift */ = {isa = PBXFileReference; lastKnownFileType = sourcecode.swift; path = HomePageTableViewCell.swift; sourceTree = "<group>"; };
		9C5407CD2793AC0E002C65E9 /* AdviceOptions.swift */ = {isa = PBXFileReference; lastKnownFileType = sourcecode.swift; path = AdviceOptions.swift; sourceTree = "<group>"; };
		9C5407CF2795CB40002C65E9 /* VocabTableViewController.swift */ = {isa = PBXFileReference; lastKnownFileType = sourcecode.swift; path = VocabTableViewController.swift; sourceTree = "<group>"; };
		9C5407D2279652F3002C65E9 /* golfhit.wav */ = {isa = PBXFileReference; lastKnownFileType = audio.wav; path = golfhit.wav; sourceTree = "<group>"; };
		9C5407DA27965E7C002C65E9 /* scribble.mp3 */ = {isa = PBXFileReference; lastKnownFileType = audio.mp3; path = scribble.mp3; sourceTree = "<group>"; };
		9C62B83927A5DE3D00B1C496 /* AskForTipViewController.swift */ = {isa = PBXFileReference; lastKnownFileType = sourcecode.swift; path = AskForTipViewController.swift; sourceTree = "<group>"; };
		9C674884278DF22200C74319 /* SettingsTableViewController.swift */ = {isa = PBXFileReference; lastKnownFileType = sourcecode.swift; path = SettingsTableViewController.swift; sourceTree = "<group>"; };
		9C674886278E841F00C74319 /* NewAdviceViewController.swift */ = {isa = PBXFileReference; lastKnownFileType = sourcecode.swift; path = NewAdviceViewController.swift; sourceTree = "<group>"; };
		9C6F3A9D2784028300CC9129 /* SwingTypeBox.swift */ = {isa = PBXFileReference; lastKnownFileType = sourcecode.swift; path = SwingTypeBox.swift; sourceTree = "<group>"; };
		9C6F3A9F2784280200CC9129 /* HomeViewController.swift */ = {isa = PBXFileReference; lastKnownFileType = sourcecode.swift; path = HomeViewController.swift; sourceTree = "<group>"; };
		9C72A83F276D736C005BAA31 /* Enums.swift */ = {isa = PBXFileReference; lastKnownFileType = sourcecode.swift; path = Enums.swift; sourceTree = "<group>"; };
		9C72A841276D7B72005BAA31 /* AdviceStructs.swift */ = {isa = PBXFileReference; lastKnownFileType = sourcecode.swift; path = AdviceStructs.swift; sourceTree = "<group>"; };
		9C72A843276D8813005BAA31 /* ClubObject.swift */ = {isa = PBXFileReference; lastKnownFileType = sourcecode.swift; path = ClubObject.swift; sourceTree = "<group>"; };
		9C72A847276EF2B4005BAA31 /* PreviousHits.swift */ = {isa = PBXFileReference; lastKnownFileType = sourcecode.swift; path = PreviousHits.swift; sourceTree = "<group>"; };
		9C74246E278F7ADF000E824A /* LayingOutViewsFunctions.swift */ = {isa = PBXFileReference; lastKnownFileType = sourcecode.swift; path = LayingOutViewsFunctions.swift; sourceTree = "<group>"; };
		9C742470278F9793000E824A /* RulesTableViewController.swift */ = {isa = PBXFileReference; lastKnownFileType = sourcecode.swift; path = RulesTableViewController.swift; sourceTree = "<group>"; };
		9C7D80B427671A0D00F49D93 /* UserBag.swift */ = {isa = PBXFileReference; lastKnownFileType = sourcecode.swift; path = UserBag.swift; sourceTree = "<group>"; };
		9C7D80B62767CA4000F49D93 /* SaveBag.swift */ = {isa = PBXFileReference; lastKnownFileType = sourcecode.swift; path = SaveBag.swift; sourceTree = "<group>"; };
		9C7D80B827687DCC00F49D93 /* AddNewClubViewController.swift */ = {isa = PBXFileReference; lastKnownFileType = sourcecode.swift; path = AddNewClubViewController.swift; sourceTree = "<group>"; };
		9CA706D827928EF100EB63BD /* NewAddStrokeTableViewController.swift */ = {isa = PBXFileReference; lastKnownFileType = sourcecode.swift; path = NewAddStrokeTableViewController.swift; sourceTree = "<group>"; };
		9CB972532784E0470048AC54 /* ModalListenerSingleton.swift */ = {isa = PBXFileReference; lastKnownFileType = sourcecode.swift; path = ModalListenerSingleton.swift; sourceTree = "<group>"; };
		9CB972572785571B0048AC54 /* RoundedBox.swift */ = {isa = PBXFileReference; lastKnownFileType = sourcecode.swift; path = RoundedBox.swift; sourceTree = "<group>"; };
		9CBA2F32279F997F00470472 /* AdTestViewController.swift */ = {isa = PBXFileReference; lastKnownFileType = sourcecode.swift; path = AdTestViewController.swift; sourceTree = "<group>"; };
		9CBA2F34279FD18800470472 /* TipJarViewController.swift */ = {isa = PBXFileReference; lastKnownFileType = sourcecode.swift; path = TipJarViewController.swift; sourceTree = "<group>"; };
		9CBA2F3627A05F0100470472 /* GiveTipViewController.swift */ = {isa = PBXFileReference; lastKnownFileType = sourcecode.swift; path = GiveTipViewController.swift; sourceTree = "<group>"; };
		9CBA2F3827A1947700470472 /* TipPurchaseViewController.swift */ = {isa = PBXFileReference; lastKnownFileType = sourcecode.swift; path = TipPurchaseViewController.swift; sourceTree = "<group>"; };
		9CBA2F5A27A461C200470472 /* StoreKit.framework */ = {isa = PBXFileReference; lastKnownFileType = wrapper.framework; name = StoreKit.framework; path = System/Library/Frameworks/StoreKit.framework; sourceTree = SDKROOT; };
		9CBA2F5C27A522AE00470472 /* Configuration.storekit */ = {isa = PBXFileReference; lastKnownFileType = text; name = Configuration.storekit; path = CaddyApp/ViewControllers/Configuration.storekit; sourceTree = SOURCE_ROOT; };
		9CD08BCC276C9B6E002F0040 /* BuiltInAdvice.swift */ = {isa = PBXFileReference; lastKnownFileType = sourcecode.swift; path = BuiltInAdvice.swift; sourceTree = "<group>"; };
		9CDA2535277E4F2500FDAAC2 /* GlobalVariables.swift */ = {isa = PBXFileReference; lastKnownFileType = sourcecode.swift; path = GlobalVariables.swift; sourceTree = "<group>"; };
		9CDA2538277FA40900FDAAC2 /* MainClubViewController.swift */ = {isa = PBXFileReference; lastKnownFileType = sourcecode.swift; path = MainClubViewController.swift; sourceTree = "<group>"; };
		9CDA253A277FA4C200FDAAC2 /* Extensions.swift */ = {isa = PBXFileReference; lastKnownFileType = sourcecode.swift; path = Extensions.swift; sourceTree = "<group>"; };
		9CDA253C2780F5F000FDAAC2 /* SwingsViewController.swift */ = {isa = PBXFileReference; lastKnownFileType = sourcecode.swift; path = SwingsViewController.swift; sourceTree = "<group>"; };
		9CDA25402782A79A00FDAAC2 /* MainClubViewControllerExtensions.swift */ = {isa = PBXFileReference; lastKnownFileType = sourcecode.swift; path = MainClubViewControllerExtensions.swift; sourceTree = "<group>"; };
		9CDA25422782B5B100FDAAC2 /* ManagePreviousSwings.swift */ = {isa = PBXFileReference; lastKnownFileType = sourcecode.swift; path = ManagePreviousSwings.swift; sourceTree = "<group>"; };
		9CF2AF3C275AD61000458646 /* CaddyApp.app */ = {isa = PBXFileReference; explicitFileType = wrapper.application; includeInIndex = 0; path = CaddyApp.app; sourceTree = BUILT_PRODUCTS_DIR; };
		9CF2AF3F275AD61000458646 /* AppDelegate.swift */ = {isa = PBXFileReference; lastKnownFileType = sourcecode.swift; path = AppDelegate.swift; sourceTree = "<group>"; };
		9CF2AF41275AD61000458646 /* SceneDelegate.swift */ = {isa = PBXFileReference; lastKnownFileType = sourcecode.swift; path = SceneDelegate.swift; sourceTree = "<group>"; };
		9CF2AF43275AD61000458646 /* ClubsViewController.swift */ = {isa = PBXFileReference; lastKnownFileType = sourcecode.swift; path = ClubsViewController.swift; sourceTree = "<group>"; };
		9CF2AF46275AD61000458646 /* Base */ = {isa = PBXFileReference; lastKnownFileType = file.storyboard; name = Base; path = Base.lproj/Main.storyboard; sourceTree = "<group>"; };
		9CF2AF48275AD61200458646 /* Assets.xcassets */ = {isa = PBXFileReference; lastKnownFileType = folder.assetcatalog; path = Assets.xcassets; sourceTree = "<group>"; };
		9CF2AF4B275AD61200458646 /* Base */ = {isa = PBXFileReference; lastKnownFileType = file.storyboard; name = Base; path = Base.lproj/LaunchScreen.storyboard; sourceTree = "<group>"; };
		9CF2AF4D275AD61200458646 /* Info.plist */ = {isa = PBXFileReference; lastKnownFileType = text.plist.xml; path = Info.plist; sourceTree = "<group>"; };
		9CF2AF55275C57D200458646 /* EditClubDistanceViewController.swift */ = {isa = PBXFileReference; lastKnownFileType = sourcecode.swift; path = EditClubDistanceViewController.swift; sourceTree = "<group>"; };
		9CF2AF57275DE53500458646 /* NewStrokeViewController.swift */ = {isa = PBXFileReference; lastKnownFileType = sourcecode.swift; path = NewStrokeViewController.swift; sourceTree = "<group>"; };
		9CF2AF59275DE5F900458646 /* SomeFunctions.swift */ = {isa = PBXFileReference; lastKnownFileType = sourcecode.swift; path = SomeFunctions.swift; sourceTree = "<group>"; };
		9CF2AF5C275EAC8700458646 /* ClubsFile.swift */ = {isa = PBXFileReference; lastKnownFileType = sourcecode.swift; path = ClubsFile.swift; sourceTree = "<group>"; };
		9CF2AF5E275EF1A100458646 /* NewStrokeInfoStruct.swift */ = {isa = PBXFileReference; lastKnownFileType = sourcecode.swift; path = NewStrokeInfoStruct.swift; sourceTree = "<group>"; };
		9CF2AF60275F249300458646 /* ClubCell.swift */ = {isa = PBXFileReference; lastKnownFileType = sourcecode.swift; path = ClubCell.swift; sourceTree = "<group>"; };
		9CF2AF62275F2B3500458646 /* AdviceViewController.swift */ = {isa = PBXFileReference; lastKnownFileType = sourcecode.swift; path = AdviceViewController.swift; sourceTree = "<group>"; };
		B0CBFD1E93731A584C12BF23 /* Pods-CaddyApp.debug.xcconfig */ = {isa = PBXFileReference; includeInIndex = 1; lastKnownFileType = text.xcconfig; name = "Pods-CaddyApp.debug.xcconfig"; path = "Target Support Files/Pods-CaddyApp/Pods-CaddyApp.debug.xcconfig"; sourceTree = "<group>"; };
		E03F25A20657F199443A1FBA /* Pods-CaddyApp.release.xcconfig */ = {isa = PBXFileReference; includeInIndex = 1; lastKnownFileType = text.xcconfig; name = "Pods-CaddyApp.release.xcconfig"; path = "Target Support Files/Pods-CaddyApp/Pods-CaddyApp.release.xcconfig"; sourceTree = "<group>"; };
/* End PBXFileReference section */

/* Begin PBXFrameworksBuildPhase section */
		9CF2AF39275AD61000458646 /* Frameworks */ = {
			isa = PBXFrameworksBuildPhase;
			buildActionMask = 2147483647;
			files = (
				371585F2E6E6672E7340A925 /* Pods_CaddyApp.framework in Frameworks */,
				9CBA2F5B27A461C200470472 /* StoreKit.framework in Frameworks */,
			);
			runOnlyForDeploymentPostprocessing = 0;
		};
/* End PBXFrameworksBuildPhase section */

/* Begin PBXGroup section */
		7A27E602602A90EDBDB7B35C /* Frameworks */ = {
			isa = PBXGroup;
			children = (
				9CBA2F5A27A461C200470472 /* StoreKit.framework */,
				1FBF2D6EE46DEA117346377D /* Pods_CaddyApp.framework */,
			);
			name = Frameworks;
			sourceTree = "<group>";
		};
		9C285723278F53EF00E225C8 /* NewAndTesting */ = {
			isa = PBXGroup;
			children = (
				9CBA2F5C27A522AE00470472 /* Configuration.storekit */,
				9C2856FE278EB8D800E225C8 /* NewAdviceViewControllerTwo.swift */,
				9C674886278E841F00C74319 /* NewAdviceViewController.swift */,
				9C0705402785921000496B37 /* TestTBVC.swift */,
				9C52A40E278D526600E07956 /* PagingTestViewController.swift */,
				9CBA2F32279F997F00470472 /* AdTestViewController.swift */,
			);
			path = NewAndTesting;
			sourceTree = "<group>";
		};
		9C52A406278CB55D00E07956 /* ViewControllers */ = {
			isa = PBXGroup;
			children = (
				9C62B83827A5DA4300B1C496 /* MainViewControllers */,
				9C285728278F5C5900E225C8 /* AdviceVCViewHierarchy */,
				9C6F3A9F2784280200CC9129 /* HomeViewController.swift */,
				9CDA253C2780F5F000FDAAC2 /* SwingsViewController.swift */,
				9CA706D827928EF100EB63BD /* NewAddStrokeTableViewController.swift */,
				9C52A40C278CB93B00E07956 /* ViewSingleNoteViewController.swift */,
				9C674884278DF22200C74319 /* SettingsTableViewController.swift */,
				9C742470278F9793000E824A /* RulesTableViewController.swift */,
				9C5407CF2795CB40002C65E9 /* VocabTableViewController.swift */,
				9CBA2F3627A05F0100470472 /* GiveTipViewController.swift */,
			);
			path = ViewControllers;
			sourceTree = "<group>";
		};
		9C52A407278CB56600E07956 /* Swift Files */ = {
			isa = PBXGroup;
			children = (
				9C52A40B278CB68C00E07956 /* Classes */,
				9C52A40A278CB68400E07956 /* Extensions */,
				9C070547278756DE00496B37 /* HandlingNotesCoreData.swift */,
				9CB972532784E0470048AC54 /* ModalListenerSingleton.swift */,
				9C7D80B62767CA4000F49D93 /* SaveBag.swift */,
				9CF2AF59275DE5F900458646 /* SomeFunctions.swift */,
				9CDA25422782B5B100FDAAC2 /* ManagePreviousSwings.swift */,
				9C72A841276D7B72005BAA31 /* AdviceStructs.swift */,
				9CD08BCC276C9B6E002F0040 /* BuiltInAdvice.swift */,
				9CF2AF5C275EAC8700458646 /* ClubsFile.swift */,
				9C72A843276D8813005BAA31 /* ClubObject.swift */,
				9C72A83F276D736C005BAA31 /* Enums.swift */,
				9CF2AF5E275EF1A100458646 /* NewStrokeInfoStruct.swift */,
				9C7D80B427671A0D00F49D93 /* UserBag.swift */,
				9C72A847276EF2B4005BAA31 /* PreviousHits.swift */,
				9CDA2535277E4F2500FDAAC2 /* GlobalVariables.swift */,
				9C74246E278F7ADF000E824A /* LayingOutViewsFunctions.swift */,
			);
			path = "Swift Files";
			sourceTree = "<group>";
		};
		9C52A408278CB58F00E07956 /* TableViewCells */ = {
			isa = PBXGroup;
			children = (
				9C07054C278759E300496B37 /* NoteTableViewCell.swift */,
				9CF2AF60275F249300458646 /* ClubCell.swift */,
				9C52A412278DCAA000E07956 /* HomePageTableViewCell.swift */,
				9C52A404278A883600E07956 /* ViewController.swift */,
			);
			path = TableViewCells;
			sourceTree = "<group>";
		};
		9C52A40A278CB68400E07956 /* Extensions */ = {
			isa = PBXGroup;
			children = (
				9CDA253A277FA4C200FDAAC2 /* Extensions.swift */,
				9CDA25402782A79A00FDAAC2 /* MainClubViewControllerExtensions.swift */,
			);
			path = Extensions;
			sourceTree = "<group>";
		};
		9C52A40B278CB68C00E07956 /* Classes */ = {
			isa = PBXGroup;
			children = (
				9CB972572785571B0048AC54 /* RoundedBox.swift */,
				9C52A401278A2F2000E07956 /* ExtraClasses.swift */,
				9C6F3A9D2784028300CC9129 /* SwingTypeBox.swift */,
			);
			path = Classes;
			sourceTree = "<group>";
		};
		9C5407D1279652E3002C65E9 /* Sounds */ = {
			isa = PBXGroup;
			children = (
				9C5407DA27965E7C002C65E9 /* scribble.mp3 */,
				9C5407D2279652F3002C65E9 /* golfhit.wav */,
			);
			path = Sounds;
			sourceTree = "<group>";
		};
		9C62B83827A5DA4300B1C496 /* MainViewControllers */ = {
			isa = PBXGroup;
			children = (
				9CF2AF62275F2B3500458646 /* AdviceViewController.swift */,
				9C52A410278D572E00E07956 /* NewHomeViewController.swift */,
				9CDA2538277FA40900FDAAC2 /* MainClubViewController.swift */,
				9CF2AF55275C57D200458646 /* EditClubDistanceViewController.swift */,
				9C070549278757E000496B37 /* AllNotesViewController.swift */,
				9C0705422786C16300496B37 /* NoteEntryViewController.swift */,
				9CF2AF57275DE53500458646 /* NewStrokeViewController.swift */,
				9CF2AF43275AD61000458646 /* ClubsViewController.swift */,
				9C7D80B827687DCC00F49D93 /* AddNewClubViewController.swift */,
				9CBA2F34279FD18800470472 /* TipJarViewController.swift */,
				9CBA2F3827A1947700470472 /* TipPurchaseViewController.swift */,
				9C62B83927A5DE3D00B1C496 /* AskForTipViewController.swift */,
			);
			path = MainViewControllers;
			sourceTree = "<group>";
		};
		9CF2AF33275AD61000458646 = {
			isa = PBXGroup;
			children = (
				9CF2AF3E275AD61000458646 /* CaddyApp */,
				9CF2AF3D275AD61000458646 /* Products */,
				B74EC438BB9C5D43705B2B52 /* Pods */,
				7A27E602602A90EDBDB7B35C /* Frameworks */,
			);
			sourceTree = "<group>";
		};
		9CF2AF3D275AD61000458646 /* Products */ = {
			isa = PBXGroup;
			children = (
				9CF2AF3C275AD61000458646 /* CaddyApp.app */,
			);
			name = Products;
			sourceTree = "<group>";
		};
		9CF2AF3E275AD61000458646 /* CaddyApp */ = {
			isa = PBXGroup;
			children = (
				9C5407D1279652E3002C65E9 /* Sounds */,
				9C285723278F53EF00E225C8 /* NewAndTesting */,
				9C52A408278CB58F00E07956 /* TableViewCells */,
				9C52A407278CB56600E07956 /* Swift Files */,
				9C52A406278CB55D00E07956 /* ViewControllers */,
				9CF2AF5B275DE94900458646 /* Delegates */,
				9CF2AF45275AD61000458646 /* Main.storyboard */,
				9CF2AF48275AD61200458646 /* Assets.xcassets */,
				9CF2AF4A275AD61200458646 /* LaunchScreen.storyboard */,
				9C0705442787567200496B37 /* NotesData.xcdatamodeld */,
				9CF2AF4D275AD61200458646 /* Info.plist */,
				9C5407CD2793AC0E002C65E9 /* AdviceOptions.swift */,
			);
			path = CaddyApp;
			sourceTree = "<group>";
		};
		9CF2AF5B275DE94900458646 /* Delegates */ = {
			isa = PBXGroup;
			children = (
				9CF2AF3F275AD61000458646 /* AppDelegate.swift */,
				9CF2AF41275AD61000458646 /* SceneDelegate.swift */,
			);
			path = Delegates;
			sourceTree = "<group>";
		};
		B74EC438BB9C5D43705B2B52 /* Pods */ = {
			isa = PBXGroup;
			children = (
				B0CBFD1E93731A584C12BF23 /* Pods-CaddyApp.debug.xcconfig */,
				E03F25A20657F199443A1FBA /* Pods-CaddyApp.release.xcconfig */,
			);
			path = Pods;
			sourceTree = "<group>";
		};
/* End PBXGroup section */

/* Begin PBXNativeTarget section */
		9CF2AF3B275AD61000458646 /* CaddyApp */ = {
			isa = PBXNativeTarget;
			buildConfigurationList = 9CF2AF50275AD61200458646 /* Build configuration list for PBXNativeTarget "CaddyApp" */;
			buildPhases = (
				BE4EC39A6E7194A530E8B12E /* [CP] Check Pods Manifest.lock */,
				9CF2AF38275AD61000458646 /* Sources */,
				9CF2AF39275AD61000458646 /* Frameworks */,
				9CF2AF3A275AD61000458646 /* Resources */,
				A3CA7E14D03133AB1F110B35 /* [CP] Embed Pods Frameworks */,
			);
			buildRules = (
			);
			dependencies = (
			);
			name = CaddyApp;
			productName = CaddyApp;
			productReference = 9CF2AF3C275AD61000458646 /* CaddyApp.app */;
			productType = "com.apple.product-type.application";
		};
/* End PBXNativeTarget section */

/* Begin PBXProject section */
		9CF2AF34275AD61000458646 /* Project object */ = {
			isa = PBXProject;
			attributes = {
				BuildIndependentTargetsInParallel = 1;
				LastSwiftUpdateCheck = 1310;
				LastUpgradeCheck = 1310;
				TargetAttributes = {
					9CF2AF3B275AD61000458646 = {
						CreatedOnToolsVersion = 13.1;
					};
				};
			};
			buildConfigurationList = 9CF2AF37275AD61000458646 /* Build configuration list for PBXProject "CaddyApp" */;
			compatibilityVersion = "Xcode 13.0";
			developmentRegion = en;
			hasScannedForEncodings = 0;
			knownRegions = (
				en,
				Base,
			);
			mainGroup = 9CF2AF33275AD61000458646;
			productRefGroup = 9CF2AF3D275AD61000458646 /* Products */;
			projectDirPath = "";
			projectRoot = "";
			targets = (
				9CF2AF3B275AD61000458646 /* CaddyApp */,
			);
		};
/* End PBXProject section */

/* Begin PBXResourcesBuildPhase section */
		9CF2AF3A275AD61000458646 /* Resources */ = {
			isa = PBXResourcesBuildPhase;
			buildActionMask = 2147483647;
			files = (
				9C5407DB27965E7C002C65E9 /* scribble.mp3 in Resources */,
				9CF2AF4C275AD61200458646 /* LaunchScreen.storyboard in Resources */,
				9C5407D3279652F3002C65E9 /* golfhit.wav in Resources */,
				9CF2AF49275AD61200458646 /* Assets.xcassets in Resources */,
				9C285729278F5C5900E225C8 /* AdviceVCViewHierarchy in Resources */,
				9CF2AF47275AD61000458646 /* Main.storyboard in Resources */,
			);
			runOnlyForDeploymentPostprocessing = 0;
		};
/* End PBXResourcesBuildPhase section */

/* Begin PBXShellScriptBuildPhase section */
		A3CA7E14D03133AB1F110B35 /* [CP] Embed Pods Frameworks */ = {
			isa = PBXShellScriptBuildPhase;
			buildActionMask = 2147483647;
			files = (
			);
			inputFileListPaths = (
				"${PODS_ROOT}/Target Support Files/Pods-CaddyApp/Pods-CaddyApp-frameworks-${CONFIGURATION}-input-files.xcfilelist",
			);
			name = "[CP] Embed Pods Frameworks";
			outputFileListPaths = (
				"${PODS_ROOT}/Target Support Files/Pods-CaddyApp/Pods-CaddyApp-frameworks-${CONFIGURATION}-output-files.xcfilelist",
			);
			runOnlyForDeploymentPostprocessing = 0;
			shellPath = /bin/sh;
			shellScript = "\"${PODS_ROOT}/Target Support Files/Pods-CaddyApp/Pods-CaddyApp-frameworks.sh\"\n";
			showEnvVarsInLog = 0;
		};
		BE4EC39A6E7194A530E8B12E /* [CP] Check Pods Manifest.lock */ = {
			isa = PBXShellScriptBuildPhase;
			buildActionMask = 2147483647;
			files = (
			);
			inputFileListPaths = (
			);
			inputPaths = (
				"${PODS_PODFILE_DIR_PATH}/Podfile.lock",
				"${PODS_ROOT}/Manifest.lock",
			);
			name = "[CP] Check Pods Manifest.lock";
			outputFileListPaths = (
			);
			outputPaths = (
				"$(DERIVED_FILE_DIR)/Pods-CaddyApp-checkManifestLockResult.txt",
			);
			runOnlyForDeploymentPostprocessing = 0;
			shellPath = /bin/sh;
			shellScript = "diff \"${PODS_PODFILE_DIR_PATH}/Podfile.lock\" \"${PODS_ROOT}/Manifest.lock\" > /dev/null\nif [ $? != 0 ] ; then\n    # print error to STDERR\n    echo \"error: The sandbox is not in sync with the Podfile.lock. Run 'pod install' or update your CocoaPods installation.\" >&2\n    exit 1\nfi\n# This output is used by Xcode 'outputs' to avoid re-running this script phase.\necho \"SUCCESS\" > \"${SCRIPT_OUTPUT_FILE_0}\"\n";
			showEnvVarsInLog = 0;
		};
/* End PBXShellScriptBuildPhase section */

/* Begin PBXSourcesBuildPhase section */
		9CF2AF38275AD61000458646 /* Sources */ = {
			isa = PBXSourcesBuildPhase;
			buildActionMask = 2147483647;
			files = (
				9C07054A278757E000496B37 /* AllNotesViewController.swift in Sources */,
				9C07054D278759E300496B37 /* NoteTableViewCell.swift in Sources */,
				9C7D80B927687DCC00F49D93 /* AddNewClubViewController.swift in Sources */,
				9C674887278E841F00C74319 /* NewAdviceViewController.swift in Sources */,
				9CF2AF5D275EAC8700458646 /* ClubsFile.swift in Sources */,
				9CF2AF44275AD61000458646 /* ClubsViewController.swift in Sources */,
				9C070548278756DE00496B37 /* HandlingNotesCoreData.swift in Sources */,
				9C7D80B527671A0D00F49D93 /* UserBag.swift in Sources */,
				9C742471278F9793000E824A /* RulesTableViewController.swift in Sources */,
				9CF2AF40275AD61000458646 /* AppDelegate.swift in Sources */,
				9CD08BCD276C9B6E002F0040 /* BuiltInAdvice.swift in Sources */,
				9CF2AF5A275DE5F900458646 /* SomeFunctions.swift in Sources */,
				9C72A840276D736C005BAA31 /* Enums.swift in Sources */,
				9CDA25432782B5B100FDAAC2 /* ManagePreviousSwings.swift in Sources */,
				9CB972582785571B0048AC54 /* RoundedBox.swift in Sources */,
				9C7D80B72767CA4000F49D93 /* SaveBag.swift in Sources */,
				9CDA253B277FA4C200FDAAC2 /* Extensions.swift in Sources */,
				9CBA2F3927A1947700470472 /* TipPurchaseViewController.swift in Sources */,
				9C52A413278DCAA000E07956 /* HomePageTableViewCell.swift in Sources */,
				9C52A402278A2F2000E07956 /* ExtraClasses.swift in Sources */,
				9C6F3A9E2784028300CC9129 /* SwingTypeBox.swift in Sources */,
				9CF2AF42275AD61000458646 /* SceneDelegate.swift in Sources */,
				9CBA2F3727A05F0100470472 /* GiveTipViewController.swift in Sources */,
				9C52A405278A883600E07956 /* ViewController.swift in Sources */,
				9CF2AF58275DE53500458646 /* NewStrokeViewController.swift in Sources */,
				9C2856FF278EB8D800E225C8 /* NewAdviceViewControllerTwo.swift in Sources */,
				9CF2AF56275C57D300458646 /* EditClubDistanceViewController.swift in Sources */,
				9CF2AF61275F249300458646 /* ClubCell.swift in Sources */,
				9C52A40F278D526600E07956 /* PagingTestViewController.swift in Sources */,
				9C72A848276EF2B4005BAA31 /* PreviousHits.swift in Sources */,
				9C52A411278D572E00E07956 /* NewHomeViewController.swift in Sources */,
				9C0705432786C16300496B37 /* NoteEntryViewController.swift in Sources */,
				9CDA2536277E4F2500FDAAC2 /* GlobalVariables.swift in Sources */,
				9C6F3AA02784280200CC9129 /* HomeViewController.swift in Sources */,
				9C74246F278F7ADF000E824A /* LayingOutViewsFunctions.swift in Sources */,
				9C0705462787567200496B37 /* NotesData.xcdatamodeld in Sources */,
				9CF2AF63275F2B3500458646 /* AdviceViewController.swift in Sources */,
				9CDA25412782A79A00FDAAC2 /* MainClubViewControllerExtensions.swift in Sources */,
				9CBA2F35279FD18800470472 /* TipJarViewController.swift in Sources */,
				9C0705412785921000496B37 /* TestTBVC.swift in Sources */,
				9C5407CE2793AC0E002C65E9 /* AdviceOptions.swift in Sources */,
				9CBA2F33279F997F00470472 /* AdTestViewController.swift in Sources */,
				9C62B83A27A5DE3D00B1C496 /* AskForTipViewController.swift in Sources */,
				9CB972542784E0470048AC54 /* ModalListenerSingleton.swift in Sources */,
				9CDA253D2780F5F000FDAAC2 /* SwingsViewController.swift in Sources */,
				9C52A40D278CB93B00E07956 /* ViewSingleNoteViewController.swift in Sources */,
				9CDA2539277FA40900FDAAC2 /* MainClubViewController.swift in Sources */,
				9C674885278DF22200C74319 /* SettingsTableViewController.swift in Sources */,
				9C5407D02795CB40002C65E9 /* VocabTableViewController.swift in Sources */,
				9CA706D927928EF100EB63BD /* NewAddStrokeTableViewController.swift in Sources */,
				9C72A844276D8813005BAA31 /* ClubObject.swift in Sources */,
				9C72A842276D7B72005BAA31 /* AdviceStructs.swift in Sources */,
				9CF2AF5F275EF1A100458646 /* NewStrokeInfoStruct.swift in Sources */,
			);
			runOnlyForDeploymentPostprocessing = 0;
		};
/* End PBXSourcesBuildPhase section */

/* Begin PBXVariantGroup section */
		9CF2AF45275AD61000458646 /* Main.storyboard */ = {
			isa = PBXVariantGroup;
			children = (
				9CF2AF46275AD61000458646 /* Base */,
			);
			name = Main.storyboard;
			sourceTree = "<group>";
		};
		9CF2AF4A275AD61200458646 /* LaunchScreen.storyboard */ = {
			isa = PBXVariantGroup;
			children = (
				9CF2AF4B275AD61200458646 /* Base */,
			);
			name = LaunchScreen.storyboard;
			sourceTree = "<group>";
		};
/* End PBXVariantGroup section */

/* Begin XCBuildConfiguration section */
		9CF2AF4E275AD61200458646 /* Debug */ = {
			isa = XCBuildConfiguration;
			buildSettings = {
				ALWAYS_SEARCH_USER_PATHS = NO;
				CLANG_ANALYZER_NONNULL = YES;
				CLANG_ANALYZER_NUMBER_OBJECT_CONVERSION = YES_AGGRESSIVE;
				CLANG_CXX_LANGUAGE_STANDARD = "gnu++17";
				CLANG_CXX_LIBRARY = "libc++";
				CLANG_ENABLE_MODULES = YES;
				CLANG_ENABLE_OBJC_ARC = YES;
				CLANG_ENABLE_OBJC_WEAK = YES;
				CLANG_WARN_BLOCK_CAPTURE_AUTORELEASING = YES;
				CLANG_WARN_BOOL_CONVERSION = YES;
				CLANG_WARN_COMMA = YES;
				CLANG_WARN_CONSTANT_CONVERSION = YES;
				CLANG_WARN_DEPRECATED_OBJC_IMPLEMENTATIONS = YES;
				CLANG_WARN_DIRECT_OBJC_ISA_USAGE = YES_ERROR;
				CLANG_WARN_DOCUMENTATION_COMMENTS = YES;
				CLANG_WARN_EMPTY_BODY = YES;
				CLANG_WARN_ENUM_CONVERSION = YES;
				CLANG_WARN_INFINITE_RECURSION = YES;
				CLANG_WARN_INT_CONVERSION = YES;
				CLANG_WARN_NON_LITERAL_NULL_CONVERSION = YES;
				CLANG_WARN_OBJC_IMPLICIT_RETAIN_SELF = YES;
				CLANG_WARN_OBJC_LITERAL_CONVERSION = YES;
				CLANG_WARN_OBJC_ROOT_CLASS = YES_ERROR;
				CLANG_WARN_QUOTED_INCLUDE_IN_FRAMEWORK_HEADER = YES;
				CLANG_WARN_RANGE_LOOP_ANALYSIS = YES;
				CLANG_WARN_STRICT_PROTOTYPES = YES;
				CLANG_WARN_SUSPICIOUS_MOVE = YES;
				CLANG_WARN_UNGUARDED_AVAILABILITY = YES_AGGRESSIVE;
				CLANG_WARN_UNREACHABLE_CODE = YES;
				CLANG_WARN__DUPLICATE_METHOD_MATCH = YES;
				COPY_PHASE_STRIP = NO;
				DEBUG_INFORMATION_FORMAT = dwarf;
				ENABLE_STRICT_OBJC_MSGSEND = YES;
				ENABLE_TESTABILITY = YES;
				GCC_C_LANGUAGE_STANDARD = gnu11;
				GCC_DYNAMIC_NO_PIC = NO;
				GCC_NO_COMMON_BLOCKS = YES;
				GCC_OPTIMIZATION_LEVEL = 0;
				GCC_PREPROCESSOR_DEFINITIONS = (
					"DEBUG=1",
					"$(inherited)",
				);
				GCC_WARN_64_TO_32_BIT_CONVERSION = YES;
				GCC_WARN_ABOUT_RETURN_TYPE = YES_ERROR;
				GCC_WARN_UNDECLARED_SELECTOR = YES;
				GCC_WARN_UNINITIALIZED_AUTOS = YES_AGGRESSIVE;
				GCC_WARN_UNUSED_FUNCTION = YES;
				GCC_WARN_UNUSED_VARIABLE = YES;
				IPHONEOS_DEPLOYMENT_TARGET = 15.0;
				MTL_ENABLE_DEBUG_INFO = INCLUDE_SOURCE;
				MTL_FAST_MATH = YES;
				ONLY_ACTIVE_ARCH = YES;
				SDKROOT = iphoneos;
				SWIFT_ACTIVE_COMPILATION_CONDITIONS = DEBUG;
				SWIFT_OPTIMIZATION_LEVEL = "-Onone";
			};
			name = Debug;
		};
		9CF2AF4F275AD61200458646 /* Release */ = {
			isa = XCBuildConfiguration;
			buildSettings = {
				ALWAYS_SEARCH_USER_PATHS = NO;
				CLANG_ANALYZER_NONNULL = YES;
				CLANG_ANALYZER_NUMBER_OBJECT_CONVERSION = YES_AGGRESSIVE;
				CLANG_CXX_LANGUAGE_STANDARD = "gnu++17";
				CLANG_CXX_LIBRARY = "libc++";
				CLANG_ENABLE_MODULES = YES;
				CLANG_ENABLE_OBJC_ARC = YES;
				CLANG_ENABLE_OBJC_WEAK = YES;
				CLANG_WARN_BLOCK_CAPTURE_AUTORELEASING = YES;
				CLANG_WARN_BOOL_CONVERSION = YES;
				CLANG_WARN_COMMA = YES;
				CLANG_WARN_CONSTANT_CONVERSION = YES;
				CLANG_WARN_DEPRECATED_OBJC_IMPLEMENTATIONS = YES;
				CLANG_WARN_DIRECT_OBJC_ISA_USAGE = YES_ERROR;
				CLANG_WARN_DOCUMENTATION_COMMENTS = YES;
				CLANG_WARN_EMPTY_BODY = YES;
				CLANG_WARN_ENUM_CONVERSION = YES;
				CLANG_WARN_INFINITE_RECURSION = YES;
				CLANG_WARN_INT_CONVERSION = YES;
				CLANG_WARN_NON_LITERAL_NULL_CONVERSION = YES;
				CLANG_WARN_OBJC_IMPLICIT_RETAIN_SELF = YES;
				CLANG_WARN_OBJC_LITERAL_CONVERSION = YES;
				CLANG_WARN_OBJC_ROOT_CLASS = YES_ERROR;
				CLANG_WARN_QUOTED_INCLUDE_IN_FRAMEWORK_HEADER = YES;
				CLANG_WARN_RANGE_LOOP_ANALYSIS = YES;
				CLANG_WARN_STRICT_PROTOTYPES = YES;
				CLANG_WARN_SUSPICIOUS_MOVE = YES;
				CLANG_WARN_UNGUARDED_AVAILABILITY = YES_AGGRESSIVE;
				CLANG_WARN_UNREACHABLE_CODE = YES;
				CLANG_WARN__DUPLICATE_METHOD_MATCH = YES;
				COPY_PHASE_STRIP = NO;
				DEBUG_INFORMATION_FORMAT = "dwarf-with-dsym";
				ENABLE_NS_ASSERTIONS = NO;
				ENABLE_STRICT_OBJC_MSGSEND = YES;
				GCC_C_LANGUAGE_STANDARD = gnu11;
				GCC_NO_COMMON_BLOCKS = YES;
				GCC_WARN_64_TO_32_BIT_CONVERSION = YES;
				GCC_WARN_ABOUT_RETURN_TYPE = YES_ERROR;
				GCC_WARN_UNDECLARED_SELECTOR = YES;
				GCC_WARN_UNINITIALIZED_AUTOS = YES_AGGRESSIVE;
				GCC_WARN_UNUSED_FUNCTION = YES;
				GCC_WARN_UNUSED_VARIABLE = YES;
				IPHONEOS_DEPLOYMENT_TARGET = 15.0;
				MTL_ENABLE_DEBUG_INFO = NO;
				MTL_FAST_MATH = YES;
				SDKROOT = iphoneos;
				SWIFT_COMPILATION_MODE = wholemodule;
				SWIFT_OPTIMIZATION_LEVEL = "-O";
				VALIDATE_PRODUCT = YES;
			};
			name = Release;
		};
		9CF2AF51275AD61200458646 /* Debug */ = {
			isa = XCBuildConfiguration;
			baseConfigurationReference = B0CBFD1E93731A584C12BF23 /* Pods-CaddyApp.debug.xcconfig */;
			buildSettings = {
				ASSETCATALOG_COMPILER_APPICON_NAME = AppIcon;
				ASSETCATALOG_COMPILER_GLOBAL_ACCENT_COLOR_NAME = AccentColor;
				CODE_SIGN_IDENTITY = "Apple Development";
				CODE_SIGN_STYLE = Automatic;
				CURRENT_PROJECT_VERSION = 1;
				DEVELOPMENT_TEAM = KR268MWQL4;
				GENERATE_INFOPLIST_FILE = YES;
				INFOPLIST_FILE = CaddyApp/Info.plist;
				INFOPLIST_KEY_CFBundleDisplayName = "Dialed In Golf";
				INFOPLIST_KEY_UIApplicationSupportsIndirectInputEvents = YES;
				INFOPLIST_KEY_UILaunchStoryboardName = LaunchScreen;
				INFOPLIST_KEY_UIMainStoryboardFile = Main;
				INFOPLIST_KEY_UIStatusBarHidden = NO;
				INFOPLIST_KEY_UISupportedInterfaceOrientations = UIInterfaceOrientationPortrait;
				INFOPLIST_KEY_UISupportedInterfaceOrientations_iPad = UIInterfaceOrientationPortrait;
				INFOPLIST_KEY_UISupportedInterfaceOrientations_iPhone = "UIInterfaceOrientationPortrait UIInterfaceOrientationLandscapeLeft UIInterfaceOrientationLandscapeRight";
				IPHONEOS_DEPLOYMENT_TARGET = 15.0;
				LD_RUNPATH_SEARCH_PATHS = (
					"$(inherited)",
					"@executable_path/Frameworks",
				);
				MARKETING_VERSION = 1.0;
				PRODUCT_BUNDLE_IDENTIFIER = com.VIN.DialedInGolf;
				PRODUCT_NAME = "$(TARGET_NAME)";
				PROVISIONING_PROFILE_SPECIFIER = "";
				SWIFT_EMIT_LOC_STRINGS = YES;
				SWIFT_VERSION = 5.0;
				TARGETED_DEVICE_FAMILY = 1;
			};
			name = Debug;
		};
		9CF2AF52275AD61200458646 /* Release */ = {
			isa = XCBuildConfiguration;
			baseConfigurationReference = E03F25A20657F199443A1FBA /* Pods-CaddyApp.release.xcconfig */;
			buildSettings = {
				ASSETCATALOG_COMPILER_APPICON_NAME = AppIcon;
				ASSETCATALOG_COMPILER_GLOBAL_ACCENT_COLOR_NAME = AccentColor;
				CODE_SIGN_IDENTITY = "Apple Development";
				CODE_SIGN_STYLE = Automatic;
				CURRENT_PROJECT_VERSION = 1;
				DEVELOPMENT_TEAM = KR268MWQL4;
				GENERATE_INFOPLIST_FILE = YES;
				INFOPLIST_FILE = CaddyApp/Info.plist;
				INFOPLIST_KEY_CFBundleDisplayName = "Dialed In Golf";
				INFOPLIST_KEY_UIApplicationSupportsIndirectInputEvents = YES;
				INFOPLIST_KEY_UILaunchStoryboardName = LaunchScreen;
				INFOPLIST_KEY_UIMainStoryboardFile = Main;
				INFOPLIST_KEY_UIStatusBarHidden = NO;
				INFOPLIST_KEY_UISupportedInterfaceOrientations = UIInterfaceOrientationPortrait;
				INFOPLIST_KEY_UISupportedInterfaceOrientations_iPad = UIInterfaceOrientationPortrait;
				INFOPLIST_KEY_UISupportedInterfaceOrientations_iPhone = "UIInterfaceOrientationPortrait UIInterfaceOrientationLandscapeLeft UIInterfaceOrientationLandscapeRight";
				IPHONEOS_DEPLOYMENT_TARGET = 15.0;
				LD_RUNPATH_SEARCH_PATHS = (
					"$(inherited)",
					"@executable_path/Frameworks",
				);
				MARKETING_VERSION = 1.0;
				PRODUCT_BUNDLE_IDENTIFIER = com.VIN.DialedInGolf;
				PRODUCT_NAME = "$(TARGET_NAME)";
				PROVISIONING_PROFILE_SPECIFIER = "";
				SWIFT_EMIT_LOC_STRINGS = YES;
				SWIFT_VERSION = 5.0;
				TARGETED_DEVICE_FAMILY = 1;
			};
			name = Release;
		};
/* End XCBuildConfiguration section */

/* Begin XCConfigurationList section */
		9CF2AF37275AD61000458646 /* Build configuration list for PBXProject "CaddyApp" */ = {
			isa = XCConfigurationList;
			buildConfigurations = (
				9CF2AF4E275AD61200458646 /* Debug */,
				9CF2AF4F275AD61200458646 /* Release */,
			);
			defaultConfigurationIsVisible = 0;
			defaultConfigurationName = Release;
		};
		9CF2AF50275AD61200458646 /* Build configuration list for PBXNativeTarget "CaddyApp" */ = {
			isa = XCConfigurationList;
			buildConfigurations = (
				9CF2AF51275AD61200458646 /* Debug */,
				9CF2AF52275AD61200458646 /* Release */,
			);
			defaultConfigurationIsVisible = 0;
			defaultConfigurationName = Release;
		};
/* End XCConfigurationList section */

/* Begin XCVersionGroup section */
		9C0705442787567200496B37 /* NotesData.xcdatamodeld */ = {
			isa = XCVersionGroup;
			children = (
				9C0705452787567200496B37 /* NotesData.xcdatamodel */,
			);
			currentVersion = 9C0705452787567200496B37 /* NotesData.xcdatamodel */;
			path = NotesData.xcdatamodeld;
			sourceTree = "<group>";
			versionGroupType = wrapper.xcdatamodel;
		};
/* End XCVersionGroup section */
	};
	rootObject = 9CF2AF34275AD61000458646 /* Project object */;
}
