{
  "pins" : [
    {
      "identity" : "alerttoast",
      "kind" : "remoteSourceControl",
      "location" : "https://github.com/elai950/AlertToast.git",
      "state" : {
        "revision" : "a4f4267f6454259ba4ed8f9dadb87334a789c26c",
        "version" : "1.3.7"
      }
    },
    {
      "identity" : "bottom-sheet",
      "kind" : "remoteSourceControl",
      "location" : "https://github.com/weitieda/bottom-sheet",
      "state" : {
        "revision" : "4e074d49f3148577ac66cf47b85a99d016480d01",
        "version" : "1.0.10"
      }
    },
    {
      "identity" : "linechartview",
      "kind" : "remoteSourceControl",
      "location" : "https://github.com/Jonathan-Gander/LineChartView",
      "state" : {
        "revision" : "91416f04a04ad3117e4fe58c35a24bb66e57ebb4",
        "version" : "1.4.0"
      }
    },
    {
      "identity" : "swiftpiechart",
      "kind" : "remoteSourceControl",
      "location" : "https://github.com/ilamanov/SwiftPieChart",
      "state" : {
        "revision" : "e6f67120c55e7402f67f3463994105ff6cfbcd10",
        "version" : "1.0.61"
      }
    }
  ],
  "version" : 2
}
